
Microsoft Visual Studio Solution File, Format Version 12.00
# Visual Studio Version 17
VisualStudioVersion = 17.6.33815.320
MinimumVisualStudioVersion = 10.0.40219.1
Project("{FAE04EC0-301F-11D3-BF4B-00C04F79EFBC}") = "Assignment", "Assignment\Assignment.csproj", "{620849AB-500E-407A-A687-FF8D4ACAF29C}"
EndProject
Global
	GlobalSection(SolutionConfigurationPlatforms) = preSolution
		Debug|Any CPU = Debug|Any CPU
		Release|Any CPU = Release|Any CPU
	EndGlobalSection
	GlobalSection(ProjectConfigurationPlatforms) = postSolution
		{620849AB-500E-407A-A687-FF8D4ACAF29C}.Debug|Any CPU.ActiveCfg = Debug|Any CPU
		{620849AB-500E-407A-A687-FF8D4ACAF29C}.Debug|Any CPU.Build.0 = Debug|Any CPU
		{620849AB-500E-407A-A687-FF8D4ACAF29C}.Release|Any CPU.ActiveCfg = Release|Any CPU
		{620849AB-500E-407A-A687-FF8D4ACAF29C}.Release|Any CPU.Build.0 = Release|Any CPU
	EndGlobalSection
	GlobalSection(SolutionProperties) = preSolution
		HideSolutionNode = FALSE
	EndGlobalSection
	GlobalSection(ExtensibilityGlobals) = postSolution
		SolutionGuid = {4C9C8D95-5A97-4A2F-8D1F-5C979171DD3E}
	EndGlobalSection
EndGlobal
